
Microsoft Visual Studio Solution File, Format Version 12.00
# Visual Studio Version 16
VisualStudioVersion = 16.0.32901.82
MinimumVisualStudioVersion = 10.0.40219.1
Project("{FAE04EC0-301F-11D3-BF4B-00C04F79EFBC}") = "PROYECTO NO.2 ALBUM", "PROYECTO NO.2 ALBUM\PROYECTO NO.2 ALBUM.csproj", "{84922D6B-61B9-465D-A8BC-CAE0B5DE663B}"
EndProject
Global
	GlobalSection(SolutionConfigurationPlatforms) = preSolution
		Debug|Any CPU = Debug|Any CPU
		Release|Any CPU = Release|Any CPU
	EndGlobalSection
	GlobalSection(ProjectConfigurationPlatforms) = postSolution
		{84922D6B-61B9-465D-A8BC-CAE0B5DE663B}.Debug|Any CPU.ActiveCfg = Debug|Any CPU
		{84922D6B-61B9-465D-A8BC-CAE0B5DE663B}.Debug|Any CPU.Build.0 = Debug|Any CPU
		{84922D6B-61B9-465D-A8BC-CAE0B5DE663B}.Release|Any CPU.ActiveCfg = Release|Any CPU
		{84922D6B-61B9-465D-A8BC-CAE0B5DE663B}.Release|Any CPU.Build.0 = Release|Any CPU
	EndGlobalSection
	GlobalSection(SolutionProperties) = preSolution
		HideSolutionNode = FALSE
	EndGlobalSection
	GlobalSection(ExtensibilityGlobals) = postSolution
		SolutionGuid = {7601ED84-B636-415D-A919-96C3CB3CE1FF}
	EndGlobalSection
EndGlobal
